
Microsoft Visual Studio Solution File, Format Version 12.00
# Visual Studio Version 16
VisualStudioVersion = 16.0.28902.138
MinimumVisualStudioVersion = 10.0.40219.1
Project("{9A19103F-16F7-4668-BE54-9A1E7A4F7556}") = "UniNativeLinq", "UniNativeLinq\UniNativeLinq.csproj", "{72262A22-0BD1-402D-9704-81D2BA33F03D}"
EndProject
Project("{FAE04EC0-301F-11D3-BF4B-00C04F79EFBC}") = "CecilRewrite", "CecilRewrite\CecilRewrite.csproj", "{6027A5CF-BDCF-4109-BCB2-016A51974A1E}"
EndProject
Global
	GlobalSection(SolutionConfigurationPlatforms) = preSolution
		Debug|Any CPU = Debug|Any CPU
		Release|Any CPU = Release|Any CPU
	EndGlobalSection
	GlobalSection(ProjectConfigurationPlatforms) = postSolution
		{72262A22-0BD1-402D-9704-81D2BA33F03D}.Debug|Any CPU.ActiveCfg = Debug|Any CPU
		{72262A22-0BD1-402D-9704-81D2BA33F03D}.Debug|Any CPU.Build.0 = Debug|Any CPU
		{72262A22-0BD1-402D-9704-81D2BA33F03D}.Release|Any CPU.ActiveCfg = Release|Any CPU
		{72262A22-0BD1-402D-9704-81D2BA33F03D}.Release|Any CPU.Build.0 = Release|Any CPU
		{6027A5CF-BDCF-4109-BCB2-016A51974A1E}.Debug|Any CPU.ActiveCfg = Debug|Any CPU
		{6027A5CF-BDCF-4109-BCB2-016A51974A1E}.Debug|Any CPU.Build.0 = Debug|Any CPU
		{6027A5CF-BDCF-4109-BCB2-016A51974A1E}.Release|Any CPU.ActiveCfg = Release|Any CPU
		{6027A5CF-BDCF-4109-BCB2-016A51974A1E}.Release|Any CPU.Build.0 = Release|Any CPU
	EndGlobalSection
	GlobalSection(SolutionProperties) = preSolution
		HideSolutionNode = FALSE
	EndGlobalSection
	GlobalSection(ExtensibilityGlobals) = postSolution
		SolutionGuid = {AEEC9901-C94E-4F6E-8677-7AFED5D17A3C}
	EndGlobalSection
EndGlobal
